github.com/tetratelabs/log v0.2.3 h1:a+0omnV1Y/4PyOSbLXHsba1guq8MZmmSvq+n9YdNuLY=
github.com/tetratelabs/log v0.2.3/go.mod h1:KCZYD/fW3ZlhTWgmGBvsiniEk6TUZEL/Eb6W928+ymM=
github.com/tetratelabs/telemetry v0.7.5 h1:38O3zbgevOUfkJiJe/UN1IpTWh5e0tIlktQs261lLr4=
github.com/tetratelabs/telemetry v0.7.5/go.mod h1:jDUcf1A2u4F5V1io5RdipM/bKz/hFCsx/RAgGopC37s=
